
Microsoft Visual Studio Solution File, Format Version 12.00
# Visual Studio Version 16
VisualStudioVersion = 16.0.31515.178
MinimumVisualStudioVersion = 10.0.40219.1
Project("{9A19103F-16F7-4668-BE54-9A1E7A4F7556}") = "Catalogue.Api", "Catalogue.Api\Catalogue.Api.csproj", "{787B6158-4864-44D8-8FE0-4555E13FC7AC}"
EndProject
Project("{9A19103F-16F7-4668-BE54-9A1E7A4F7556}") = "Catalogue.UnitTests", "Catalogue.UnitTests\Catalogue.UnitTests.csproj", "{58DDF5DB-3BB5-4FDA-9002-AE053481DD32}"
EndProject
Global
	GlobalSection(SolutionConfigurationPlatforms) = preSolution
		Debug|Any CPU = Debug|Any CPU
		Release|Any CPU = Release|Any CPU
	EndGlobalSection
	GlobalSection(ProjectConfigurationPlatforms) = postSolution
		{787B6158-4864-44D8-8FE0-4555E13FC7AC}.Debug|Any CPU.ActiveCfg = Debug|Any CPU
		{787B6158-4864-44D8-8FE0-4555E13FC7AC}.Debug|Any CPU.Build.0 = Debug|Any CPU
		{787B6158-4864-44D8-8FE0-4555E13FC7AC}.Release|Any CPU.ActiveCfg = Release|Any CPU
		{787B6158-4864-44D8-8FE0-4555E13FC7AC}.Release|Any CPU.Build.0 = Release|Any CPU
		{58DDF5DB-3BB5-4FDA-9002-AE053481DD32}.Debug|Any CPU.ActiveCfg = Debug|Any CPU
		{58DDF5DB-3BB5-4FDA-9002-AE053481DD32}.Debug|Any CPU.Build.0 = Debug|Any CPU
		{58DDF5DB-3BB5-4FDA-9002-AE053481DD32}.Release|Any CPU.ActiveCfg = Release|Any CPU
		{58DDF5DB-3BB5-4FDA-9002-AE053481DD32}.Release|Any CPU.Build.0 = Release|Any CPU
	EndGlobalSection
	GlobalSection(SolutionProperties) = preSolution
		HideSolutionNode = FALSE
	EndGlobalSection
	GlobalSection(ExtensibilityGlobals) = postSolution
		SolutionGuid = {38B7A97C-E46A-4336-886D-54ACCB1A52E2}
	EndGlobalSection
EndGlobal
